
Microsoft Visual Studio Solution File, Format Version 12.00
# Visual Studio Version 16
VisualStudioVersion = 16.0.31402.337
MinimumVisualStudioVersion = 10.0.40219.1
Project("{FAE04EC0-301F-11D3-BF4B-00C04F79EFBC}") = "test", "test.csproj", "{4C0BB847-B816-4697-81C9-46301A56C2B9}"
EndProject
Project("{FAE04EC0-301F-11D3-BF4B-00C04F79EFBC}") = "testTests", "..\testTests\testTests.csproj", "{DB1EB5F7-3025-4E97-B32D-356FBDC1C534}"
EndProject
Global
	GlobalSection(SolutionConfigurationPlatforms) = preSolution
		Debug|Any CPU = Debug|Any CPU
		Release|Any CPU = Release|Any CPU
	EndGlobalSection
	GlobalSection(ProjectConfigurationPlatforms) = postSolution
		{4C0BB847-B816-4697-81C9-46301A56C2B9}.Debug|Any CPU.ActiveCfg = Debug|Any CPU
		{4C0BB847-B816-4697-81C9-46301A56C2B9}.Debug|Any CPU.Build.0 = Debug|Any CPU
		{4C0BB847-B816-4697-81C9-46301A56C2B9}.Release|Any CPU.ActiveCfg = Release|Any CPU
		{4C0BB847-B816-4697-81C9-46301A56C2B9}.Release|Any CPU.Build.0 = Release|Any CPU
		{DB1EB5F7-3025-4E97-B32D-356FBDC1C534}.Debug|Any CPU.ActiveCfg = Debug|Any CPU
		{DB1EB5F7-3025-4E97-B32D-356FBDC1C534}.Debug|Any CPU.Build.0 = Debug|Any CPU
		{DB1EB5F7-3025-4E97-B32D-356FBDC1C534}.Release|Any CPU.ActiveCfg = Release|Any CPU
		{DB1EB5F7-3025-4E97-B32D-356FBDC1C534}.Release|Any CPU.Build.0 = Release|Any CPU
	EndGlobalSection
	GlobalSection(SolutionProperties) = preSolution
		HideSolutionNode = FALSE
	EndGlobalSection
	GlobalSection(ExtensibilityGlobals) = postSolution
		SolutionGuid = {CC05AF67-4C56-4DB4-B9BC-5F62337EE898}
	EndGlobalSection
EndGlobal
